
Microsoft Visual Studio Solution File, Format Version 12.00
# Visual Studio Version 17
VisualStudioVersion = 17.7.34018.315
MinimumVisualStudioVersion = 10.0.40219.1
Project("{FAE04EC0-301F-11D3-BF4B-00C04F79EFBC}") = "Corona_virus_management_system", "Corona_virus_management_system\Corona_virus_management_system.csproj", "{B910E96F-F414-4469-96F5-BEE25E3C570E}"
EndProject
Global
	GlobalSection(SolutionConfigurationPlatforms) = preSolution
		Debug|Any CPU = Debug|Any CPU
		Release|Any CPU = Release|Any CPU
	EndGlobalSection
	GlobalSection(ProjectConfigurationPlatforms) = postSolution
		{B910E96F-F414-4469-96F5-BEE25E3C570E}.Debug|Any CPU.ActiveCfg = Debug|Any CPU
		{B910E96F-F414-4469-96F5-BEE25E3C570E}.Debug|Any CPU.Build.0 = Debug|Any CPU
		{B910E96F-F414-4469-96F5-BEE25E3C570E}.Release|Any CPU.ActiveCfg = Release|Any CPU
		{B910E96F-F414-4469-96F5-BEE25E3C570E}.Release|Any CPU.Build.0 = Release|Any CPU
	EndGlobalSection
	GlobalSection(SolutionProperties) = preSolution
		HideSolutionNode = FALSE
	EndGlobalSection
	GlobalSection(ExtensibilityGlobals) = postSolution
		SolutionGuid = {39DF509E-3B60-437A-BDCE-7FCE969A85B2}
	EndGlobalSection
EndGlobal
